
Microsoft Visual Studio Solution File, Format Version 12.00
# Visual Studio Version 17
VisualStudioVersion = 17.14.36414.22 d17.14
MinimumVisualStudioVersion = 10.0.40219.1
Project("{FAE04EC0-301F-11D3-BF4B-00C04F79EFBC}") = "Movie_Recommender_Application", "Movie_Recommender_Application.csproj", "{274E1BD1-FA30-4853-9A60-C526686DD2D1}"
EndProject
Global
	GlobalSection(SolutionConfigurationPlatforms) = preSolution
		Debug|Any CPU = Debug|Any CPU
		Release|Any CPU = Release|Any CPU
	EndGlobalSection
	GlobalSection(ProjectConfigurationPlatforms) = postSolution
		{274E1BD1-FA30-4853-9A60-C526686DD2D1}.Debug|Any CPU.ActiveCfg = Debug|Any CPU
		{274E1BD1-FA30-4853-9A60-C526686DD2D1}.Debug|Any CPU.Build.0 = Debug|Any CPU
		{274E1BD1-FA30-4853-9A60-C526686DD2D1}.Release|Any CPU.ActiveCfg = Release|Any CPU
		{274E1BD1-FA30-4853-9A60-C526686DD2D1}.Release|Any CPU.Build.0 = Release|Any CPU
	EndGlobalSection
	GlobalSection(SolutionProperties) = preSolution
		HideSolutionNode = FALSE
	EndGlobalSection
	GlobalSection(ExtensibilityGlobals) = postSolution
		SolutionGuid = {0D0F32B5-3BC6-4E07-8A7E-43FFDC3D5908}
	EndGlobalSection
EndGlobal
